{
  "name": "playground",
  "lockfileVersion": 2,
  "requires": true,
  "packages": {
    "": {
      "devDependencies": {
        "typescript": "^4.6.3",
        "ultimate-crosscode-typedefs": "github:dmitmel/ultimate-crosscode-typedefs"
      }
    },
    "node_modules/@types/jquery": {
      "version": "1.10.39",
      "resolved": "https://registry.npmjs.org/@types/jquery/-/jquery-1.10.39.tgz",
      "integrity": "sha512-vY3MK/wp1XxEhXzmtFk0Ce5x2Y6PEVXz6hoCooe364O4OdFZVb5XT/qgHmflF/SHD0tDtCejvP9qolCYfX7XWA==",
      "dev": true
    },
    "node_modules/@types/node": {
      "version": "17.0.23",
      "resolved": "https://registry.npmjs.org/@types/node/-/node-17.0.23.tgz",
      "integrity": "sha512-UxDxWn7dl97rKVeVS61vErvw086aCYhDLyvRQZ5Rk65rZKepaFdm53GeqXaKBuOhED4e9uWq34IC3TdSdJJ2Gw==",
      "dev": true
    },
    "node_modules/@types/semver": {
      "version": "6.2.3",
      "resolved": "https://registry.npmjs.org/@types/semver/-/semver-6.2.3.tgz",
      "integrity": "sha512-KQf+QAMWKMrtBMsB8/24w53tEsxllMj6TuA80TT/5igJalLI/zm0L3oXRbIAl4Ohfc85gyHX/jhMwsVkmhLU4A==",
      "dev": true
    },
    "node_modules/typescript": {
      "version": "4.6.3",
      "resolved": "https://registry.npmjs.org/typescript/-/typescript-4.6.3.tgz",
      "integrity": "sha512-yNIatDa5iaofVozS/uQJEl3JRWLKKGJKh6Yaiv0GLGSuhpFJe7P3SbHZ8/yjAHRQwKRoA6YZqlfjXWmVzoVSMw==",
      "dev": true,
      "bin": {
        "tsc": "bin/tsc",
        "tsserver": "bin/tsserver"
      },
      "engines": {
        "node": ">=4.2.0"
      }
    },
    "node_modules/ultimate-crosscode-typedefs": {
      "version": "0.0.1",
      "resolved": "git+ssh://git@github.com/dmitmel/ultimate-crosscode-typedefs.git#1e53c45108c42e2b3a97ec65ec8bdaf93e47276a",
      "dev": true,
      "dependencies": {
        "@types/jquery": "1.10.x",
        "@types/node": ">=11.9",
        "@types/semver": "6.2.x || 6.3.x"
      },
      "engines": {
        "node": ">=10.0.0"
      }
    }
  },
  "dependencies": {
    "@types/jquery": {
      "version": "1.10.39",
      "resolved": "https://registry.npmjs.org/@types/jquery/-/jquery-1.10.39.tgz",
      "integrity": "sha512-vY3MK/wp1XxEhXzmtFk0Ce5x2Y6PEVXz6hoCooe364O4OdFZVb5XT/qgHmflF/SHD0tDtCejvP9qolCYfX7XWA==",
      "dev": true
    },
    "@types/node": {
      "version": "17.0.23",
      "resolved": "https://registry.npmjs.org/@types/node/-/node-17.0.23.tgz",
      "integrity": "sha512-UxDxWn7dl97rKVeVS61vErvw086aCYhDLyvRQZ5Rk65rZKepaFdm53GeqXaKBuOhED4e9uWq34IC3TdSdJJ2Gw==",
      "dev": true
    },
    "@types/semver": {
      "version": "6.2.3",
      "resolved": "https://registry.npmjs.org/@types/semver/-/semver-6.2.3.tgz",
      "integrity": "sha512-KQf+QAMWKMrtBMsB8/24w53tEsxllMj6TuA80TT/5igJalLI/zm0L3oXRbIAl4Ohfc85gyHX/jhMwsVkmhLU4A==",
      "dev": true
    },
    "typescript": {
      "version": "4.6.3",
      "resolved": "https://registry.npmjs.org/typescript/-/typescript-4.6.3.tgz",
      "integrity": "sha512-yNIatDa5iaofVozS/uQJEl3JRWLKKGJKh6Yaiv0GLGSuhpFJe7P3SbHZ8/yjAHRQwKRoA6YZqlfjXWmVzoVSMw==",
      "dev": true
    },
    "ultimate-crosscode-typedefs": {
      "version": "git+ssh://git@github.com/dmitmel/ultimate-crosscode-typedefs.git#1e53c45108c42e2b3a97ec65ec8bdaf93e47276a",
      "dev": true,
      "from": "ultimate-crosscode-typedefs@dmitmel/ultimate-crosscode-typedefs",
      "requires": {
        "@types/jquery": "1.10.x",
        "@types/node": ">=11.9",
        "@types/semver": "6.2.x || 6.3.x"
      }
    }
  }
}
